
Microsoft Visual Studio Solution File, Format Version 12.00
# Visual Studio Version 17
VisualStudioVersion = 17.14.36127.28
MinimumVisualStudioVersion = 10.0.40219.1
Project("{E53339B2-1760-4266-BCC7-CA923CBCF16C}") = "docker-compose", "docker-compose.dcproj", "{81DDED9D-158B-E303-5F62-77A2896D2A5A}"
EndProject
Project("{2150E333-8FDC-42A3-9474-1A3956D46DE8}") = "ApiContratacao", "ApiContratacao", "{E74D41B1-0022-471B-9EBA-DF9825F1CE02}"
EndProject
Project("{FAE04EC0-301F-11D3-BF4B-00C04F79EFBC}") = "ApiContratacao", "ApiContratacao\ApiContratacao.csproj", "{35B2BEEF-DB1A-071F-E959-D7E010087934}"
EndProject
Project("{2150E333-8FDC-42A3-9474-1A3956D46DE8}") = "Domain", "Domain", "{315711D4-9F83-45D8-AD49-B9C57D966556}"
EndProject
Project("{FAE04EC0-301F-11D3-BF4B-00C04F79EFBC}") = "DomainContratacao", "DomainContratacao\DomainContratacao.csproj", "{478093CB-AB82-17C0-CC49-5D572B658B97}"
EndProject
Project("{2150E333-8FDC-42A3-9474-1A3956D46DE8}") = "Infra", "Infra", "{C5B95F4B-0C1C-42AD-8874-E3BB683BC71C}"
EndProject
Project("{FAE04EC0-301F-11D3-BF4B-00C04F79EFBC}") = "InfraContratacao", "InfraContratacao\InfraContratacao.csproj", "{169FFF74-4092-12DE-2037-716BF470A9CA}"
EndProject
Project("{2150E333-8FDC-42A3-9474-1A3956D46DE8}") = "Teste", "Teste", "{EC535574-ADDF-48E0-AD7D-7E325E1B2368}"
EndProject
Project("{2150E333-8FDC-42A3-9474-1A3956D46DE8}") = "ApiProposta", "ApiProposta", "{02EA681E-C7D8-13C7-8484-4AC65E1B71E8}"
EndProject
Project("{FAE04EC0-301F-11D3-BF4B-00C04F79EFBC}") = "ApiProposta", "ApiProposta\ApiProposta.csproj", "{71818240-4E52-B1C3-DC76-283581E1F3B5}"
EndProject
Project("{2150E333-8FDC-42A3-9474-1A3956D46DE8}") = "Domain", "Domain", "{FEDD0969-B0D0-49BD-B64D-27BED0ACBBB1}"
EndProject
Project("{FAE04EC0-301F-11D3-BF4B-00C04F79EFBC}") = "DomainProposta", "DomainProposta\DomainProposta.csproj", "{CDD387D2-1511-64BE-AA3F-6EA1001F8D9E}"
EndProject
Project("{2150E333-8FDC-42A3-9474-1A3956D46DE8}") = "Infra", "Infra", "{EF364F01-EAE5-42DD-9457-E008F6798F70}"
EndProject
Project("{FAE04EC0-301F-11D3-BF4B-00C04F79EFBC}") = "InfraProposta", "InfraProposta\InfraProposta.csproj", "{BC9914D1-2130-80F2-FF01-219B91237442}"
EndProject
Project("{FAE04EC0-301F-11D3-BF4B-00C04F79EFBC}") = "TestContratacao", "..\TestContratacao\TestContratacao.csproj", "{90CA1866-BB7C-BE2D-24C3-1351108CC3A9}"
EndProject
Global
	GlobalSection(SolutionConfigurationPlatforms) = preSolution
		Debug|Any CPU = Debug|Any CPU
		Release|Any CPU = Release|Any CPU
	EndGlobalSection
	GlobalSection(ProjectConfigurationPlatforms) = postSolution
		{81DDED9D-158B-E303-5F62-77A2896D2A5A}.Debug|Any CPU.ActiveCfg = Debug|Any CPU
		{81DDED9D-158B-E303-5F62-77A2896D2A5A}.Debug|Any CPU.Build.0 = Debug|Any CPU
		{81DDED9D-158B-E303-5F62-77A2896D2A5A}.Release|Any CPU.ActiveCfg = Release|Any CPU
		{81DDED9D-158B-E303-5F62-77A2896D2A5A}.Release|Any CPU.Build.0 = Release|Any CPU
		{35B2BEEF-DB1A-071F-E959-D7E010087934}.Debug|Any CPU.ActiveCfg = Debug|Any CPU
		{35B2BEEF-DB1A-071F-E959-D7E010087934}.Debug|Any CPU.Build.0 = Debug|Any CPU
		{35B2BEEF-DB1A-071F-E959-D7E010087934}.Release|Any CPU.ActiveCfg = Release|Any CPU
		{35B2BEEF-DB1A-071F-E959-D7E010087934}.Release|Any CPU.Build.0 = Release|Any CPU
		{478093CB-AB82-17C0-CC49-5D572B658B97}.Debug|Any CPU.ActiveCfg = Debug|Any CPU
		{478093CB-AB82-17C0-CC49-5D572B658B97}.Debug|Any CPU.Build.0 = Debug|Any CPU
		{478093CB-AB82-17C0-CC49-5D572B658B97}.Release|Any CPU.ActiveCfg = Release|Any CPU
		{478093CB-AB82-17C0-CC49-5D572B658B97}.Release|Any CPU.Build.0 = Release|Any CPU
		{169FFF74-4092-12DE-2037-716BF470A9CA}.Debug|Any CPU.ActiveCfg = Debug|Any CPU
		{169FFF74-4092-12DE-2037-716BF470A9CA}.Debug|Any CPU.Build.0 = Debug|Any CPU
		{169FFF74-4092-12DE-2037-716BF470A9CA}.Release|Any CPU.ActiveCfg = Release|Any CPU
		{169FFF74-4092-12DE-2037-716BF470A9CA}.Release|Any CPU.Build.0 = Release|Any CPU
		{71818240-4E52-B1C3-DC76-283581E1F3B5}.Debug|Any CPU.ActiveCfg = Debug|Any CPU
		{71818240-4E52-B1C3-DC76-283581E1F3B5}.Debug|Any CPU.Build.0 = Debug|Any CPU
		{71818240-4E52-B1C3-DC76-283581E1F3B5}.Release|Any CPU.ActiveCfg = Release|Any CPU
		{71818240-4E52-B1C3-DC76-283581E1F3B5}.Release|Any CPU.Build.0 = Release|Any CPU
		{CDD387D2-1511-64BE-AA3F-6EA1001F8D9E}.Debug|Any CPU.ActiveCfg = Debug|Any CPU
		{CDD387D2-1511-64BE-AA3F-6EA1001F8D9E}.Debug|Any CPU.Build.0 = Debug|Any CPU
		{CDD387D2-1511-64BE-AA3F-6EA1001F8D9E}.Release|Any CPU.ActiveCfg = Release|Any CPU
		{CDD387D2-1511-64BE-AA3F-6EA1001F8D9E}.Release|Any CPU.Build.0 = Release|Any CPU
		{BC9914D1-2130-80F2-FF01-219B91237442}.Debug|Any CPU.ActiveCfg = Debug|Any CPU
		{BC9914D1-2130-80F2-FF01-219B91237442}.Debug|Any CPU.Build.0 = Debug|Any CPU
		{BC9914D1-2130-80F2-FF01-219B91237442}.Release|Any CPU.ActiveCfg = Release|Any CPU
		{BC9914D1-2130-80F2-FF01-219B91237442}.Release|Any CPU.Build.0 = Release|Any CPU
		{90CA1866-BB7C-BE2D-24C3-1351108CC3A9}.Debug|Any CPU.ActiveCfg = Debug|Any CPU
		{90CA1866-BB7C-BE2D-24C3-1351108CC3A9}.Debug|Any CPU.Build.0 = Debug|Any CPU
		{90CA1866-BB7C-BE2D-24C3-1351108CC3A9}.Release|Any CPU.ActiveCfg = Release|Any CPU
		{90CA1866-BB7C-BE2D-24C3-1351108CC3A9}.Release|Any CPU.Build.0 = Release|Any CPU
	EndGlobalSection
	GlobalSection(SolutionProperties) = preSolution
		HideSolutionNode = FALSE
	EndGlobalSection
	GlobalSection(NestedProjects) = preSolution
		{35B2BEEF-DB1A-071F-E959-D7E010087934} = {E74D41B1-0022-471B-9EBA-DF9825F1CE02}
		{315711D4-9F83-45D8-AD49-B9C57D966556} = {E74D41B1-0022-471B-9EBA-DF9825F1CE02}
		{478093CB-AB82-17C0-CC49-5D572B658B97} = {315711D4-9F83-45D8-AD49-B9C57D966556}
		{C5B95F4B-0C1C-42AD-8874-E3BB683BC71C} = {E74D41B1-0022-471B-9EBA-DF9825F1CE02}
		{169FFF74-4092-12DE-2037-716BF470A9CA} = {C5B95F4B-0C1C-42AD-8874-E3BB683BC71C}
		{EC535574-ADDF-48E0-AD7D-7E325E1B2368} = {E74D41B1-0022-471B-9EBA-DF9825F1CE02}
		{71818240-4E52-B1C3-DC76-283581E1F3B5} = {02EA681E-C7D8-13C7-8484-4AC65E1B71E8}
		{FEDD0969-B0D0-49BD-B64D-27BED0ACBBB1} = {02EA681E-C7D8-13C7-8484-4AC65E1B71E8}
		{CDD387D2-1511-64BE-AA3F-6EA1001F8D9E} = {FEDD0969-B0D0-49BD-B64D-27BED0ACBBB1}
		{EF364F01-EAE5-42DD-9457-E008F6798F70} = {02EA681E-C7D8-13C7-8484-4AC65E1B71E8}
		{BC9914D1-2130-80F2-FF01-219B91237442} = {EF364F01-EAE5-42DD-9457-E008F6798F70}
		{90CA1866-BB7C-BE2D-24C3-1351108CC3A9} = {EC535574-ADDF-48E0-AD7D-7E325E1B2368}
	EndGlobalSection
	GlobalSection(ExtensibilityGlobals) = postSolution
		SolutionGuid = {6F7F5BD5-7763-4A23-8D0D-AED60680275B}
	EndGlobalSection
EndGlobal
